// !$*UTF8*$!
{
	archiveVersion = 1;
	classes = {
	};
	objectVersion = 46;
	objects = {

/* Begin PBXBuildFile section */
		0A4FAA251A0665CF00836712 /* main.m in Sources */ = {isa = PBXBuildFile; fileRef = 0A4FAA241A0665CF00836712 /* main.m */; };
		0A4FAA281A0665CF00836712 /* AppDelegate.m in Sources */ = {isa = PBXBuildFile; fileRef = 0A4FAA271A0665CF00836712 /* AppDelegate.m */; };
		0A4FAA2B1A0665CF00836712 /* ViewController.m in Sources */ = {isa = PBXBuildFile; fileRef = 0A4FAA2A1A0665CF00836712 /* ViewController.m */; };
		0A4FAA2E1A0665CF00836712 /* Main.storyboard in Resources */ = {isa = PBXBuildFile; fileRef = 0A4FAA2C1A0665CF00836712 /* Main.storyboard */; };
		0A4FAA301A0665CF00836712 /* Images.xcassets in Resources */ = {isa = PBXBuildFile; fileRef = 0A4FAA2F1A0665CF00836712 /* Images.xcassets */; };
		0A4FAA331A0665CF00836712 /* LaunchScreen.xib in Resources */ = {isa = PBXBuildFile; fileRef = 0A4FAA311A0665CF00836712 /* LaunchScreen.xib */; };
		0A4FAA3F1A0665CF00836712 /* SimpleLooperTests.m in Sources */ = {isa = PBXBuildFile; fileRef = 0A4FAA3E1A0665CF00836712 /* SimpleLooperTests.m */; };
		0A4FAA4A1A06CA5600836712 /* RKNSimpleLooper.m in Sources */ = {isa = PBXBuildFile; fileRef = 0A4FAA491A06CA5600836712 /* RKNSimpleLooper.m */; };
/* End PBXBuildFile section */

/* Begin PBXContainerItemProxy section */
		0A4FAA391A0665CF00836712 /* PBXContainerItemProxy */ = {
			isa = PBXContainerItemProxy;
			containerPortal = 0A4FAA171A0665CF00836712 /* Project object */;
			proxyType = 1;
			remoteGlobalIDString = 0A4FAA1E1A0665CF00836712;
			remoteInfo = SimpleLooper;
		};
/* End PBXContainerItemProxy section */

/* Begin PBXFileReference section */
		0A4FAA1F1A0665CF00836712 /* SimpleLooper.app */ = {isa = PBXFileReference; explicitFileType = wrapper.application; includeInIndex = 0; path = SimpleLooper.app; sourceTree = BUILT_PRODUCTS_DIR; };
		0A4FAA231A0665CF00836712 /* Info.plist */ = {isa = PBXFileReference; lastKnownFileType = text.plist.xml; path = Info.plist; sourceTree = "<group>"; };
		0A4FAA241A0665CF00836712 /* main.m */ = {isa = PBXFileReference; lastKnownFileType = sourcecode.c.objc; path = main.m; sourceTree = "<group>"; };
		0A4FAA261A0665CF00836712 /* AppDelegate.h */ = {isa = PBXFileReference; lastKnownFileType = sourcecode.c.h; path = AppDelegate.h; sourceTree = "<group>"; };
		0A4FAA271A0665CF00836712 /* AppDelegate.m */ = {isa = PBXFileReference; lastKnownFileType = sourcecode.c.objc; path = AppDelegate.m; sourceTree = "<group>"; };
		0A4FAA291A0665CF00836712 /* ViewController.h */ = {isa = PBXFileReference; lastKnownFileType = sourcecode.c.h; path = ViewController.h; sourceTree = "<group>"; };
		0A4FAA2A1A0665CF00836712 /* ViewController.m */ = {isa = PBXFileReference; lastKnownFileType = sourcecode.c.objc; path = ViewController.m; sourceTree = "<group>"; };
		0A4FAA2D1A0665CF00836712 /* Base */ = {isa = PBXFileReference; lastKnownFileType = file.storyboard; name = Base; path = Base.lproj/Main.storyboard; sourceTree = "<group>"; };
		0A4FAA2F1A0665CF00836712 /* Images.xcassets */ = {isa = PBXFileReference; lastKnownFileType = folder.assetcatalog; path = Images.xcassets; sourceTree = "<group>"; };
		0A4FAA321A0665CF00836712 /* Base */ = {isa = PBXFileReference; lastKnownFileType = file.xib; name = Base; path = Base.lproj/LaunchScreen.xib; sourceTree = "<group>"; };
		0A4FAA381A0665CF00836712 /* SimpleLooperTests.xctest */ = {isa = PBXFileReference; explicitFileType = wrapper.cfbundle; includeInIndex = 0; path = SimpleLooperTests.xctest; sourceTree = BUILT_PRODUCTS_DIR; };
		0A4FAA3D1A0665CF00836712 /* Info.plist */ = {isa = PBXFileReference; lastKnownFileType = text.plist.xml; path = Info.plist; sourceTree = "<group>"; };
		0A4FAA3E1A0665CF00836712 /* SimpleLooperTests.m */ = {isa = PBXFileReference; lastKnownFileType = sourcecode.c.objc; path = SimpleLooperTests.m; sourceTree = "<group>"; };
		0A4FAA481A06CA5600836712 /* RKNSimpleLooper.h */ = {isa = PBXFileReference; fileEncoding = 4; lastKnownFileType = sourcecode.c.h; path = RKNSimpleLooper.h; sourceTree = "<group>"; };
		0A4FAA491A06CA5600836712 /* RKNSimpleLooper.m */ = {isa = PBXFileReference; fileEncoding = 4; lastKnownFileType = sourcecode.c.objc; path = RKNSimpleLooper.m; sourceTree = "<group>"; };
/* End PBXFileReference section */

/* Begin PBXFrameworksBuildPhase section */
		0A4FAA1C1A0665CF00836712 /* Frameworks */ = {
			isa = PBXFrameworksBuildPhase;
			buildActionMask = 2147483647;
			files = (
			);
			runOnlyForDeploymentPostprocessing = 0;
		};
		0A4FAA351A0665CF00836712 /* Frameworks */ = {
			isa = PBXFrameworksBuildPhase;
			buildActionMask = 2147483647;
			files = (
			);
			runOnlyForDeploymentPostprocessing = 0;
		};
/* End PBXFrameworksBuildPhase section */

/* Begin PBXGroup section */
		0A4FAA161A0665CF00836712 = {
			isa = PBXGroup;
			children = (
				0A4FAA211A0665CF00836712 /* SimpleLooper */,
				0A4FAA3B1A0665CF00836712 /* SimpleLooperTests */,
				0A4FAA201A0665CF00836712 /* Products */,
			);
			sourceTree = "<group>";
		};
		0A4FAA201A0665CF00836712 /* Products */ = {
			isa = PBXGroup;
			children = (
				0A4FAA1F1A0665CF00836712 /* SimpleLooper.app */,
				0A4FAA381A0665CF00836712 /* SimpleLooperTests.xctest */,
			);
			name = Products;
			sourceTree = "<group>";
		};
		0A4FAA211A0665CF00836712 /* SimpleLooper */ = {
			isa = PBXGroup;
			children = (
				0A4FAA481A06CA5600836712 /* RKNSimpleLooper.h */,
				0A4FAA491A06CA5600836712 /* RKNSimpleLooper.m */,
				0A4FAA261A0665CF00836712 /* AppDelegate.h */,
				0A4FAA271A0665CF00836712 /* AppDelegate.m */,
				0A4FAA291A0665CF00836712 /* ViewController.h */,
				0A4FAA2A1A0665CF00836712 /* ViewController.m */,
				0A4FAA2C1A0665CF00836712 /* Main.storyboard */,
				0A4FAA2F1A0665CF00836712 /* Images.xcassets */,
				0A4FAA311A0665CF00836712 /* LaunchScreen.xib */,
				0A4FAA221A0665CF00836712 /* Supporting Files */,
			);
			path = SimpleLooper;
			sourceTree = "<group>";
		};
		0A4FAA221A0665CF00836712 /* Supporting Files */ = {
			isa = PBXGroup;
			children = (
				0A4FAA231A0665CF00836712 /* Info.plist */,
				0A4FAA241A0665CF00836712 /* main.m */,
			);
			name = "Supporting Files";
			sourceTree = "<group>";
		};
		0A4FAA3B1A0665CF00836712 /* SimpleLooperTests */ = {
			isa = PBXGroup;
			children = (
				0A4FAA3E1A0665CF00836712 /* SimpleLooperTests.m */,
				0A4FAA3C1A0665CF00836712 /* Supporting Files */,
			);
			path = SimpleLooperTests;
			sourceTree = "<group>";
		};
		0A4FAA3C1A0665CF00836712 /* Supporting Files */ = {
			isa = PBXGroup;
			children = (
				0A4FAA3D1A0665CF00836712 /* Info.plist */,
			);
			name = "Supporting Files";
			sourceTree = "<group>";
		};
/* End PBXGroup section */

/* Begin PBXNativeTarget section */
		0A4FAA1E1A0665CF00836712 /* SimpleLooper */ = {
			isa = PBXNativeTarget;
			buildConfigurationList = 0A4FAA421A0665CF00836712 /* Build configuration list for PBXNativeTarget "SimpleLooper" */;
			buildPhases = (
				0A4FAA1B1A0665CF00836712 /* Sources */,
				0A4FAA1C1A0665CF00836712 /* Frameworks */,
				0A4FAA1D1A0665CF00836712 /* Resources */,
			);
			buildRules = (
			);
			dependencies = (
			);
			name = SimpleLooper;
			productName = SimpleLooper;
			productReference = 0A4FAA1F1A0665CF00836712 /* SimpleLooper.app */;
			productType = "com.apple.product-type.application";
		};
		0A4FAA371A0665CF00836712 /* SimpleLooperTests */ = {
			isa = PBXNativeTarget;
			buildConfigurationList = 0A4FAA451A0665CF00836712 /* Build configuration list for PBXNativeTarget "SimpleLooperTests" */;
			buildPhases = (
				0A4FAA341A0665CF00836712 /* Sources */,
				0A4FAA351A0665CF00836712 /* Frameworks */,
				0A4FAA361A0665CF00836712 /* Resources */,
			);
			buildRules = (
			);
			dependencies = (
				0A4FAA3A1A0665CF00836712 /* PBXTargetDependency */,
			);
			name = SimpleLooperTests;
			productName = SimpleLooperTests;
			productReference = 0A4FAA381A0665CF00836712 /* SimpleLooperTests.xctest */;
			productType = "com.apple.product-type.bundle.unit-test";
		};
/* End PBXNativeTarget section */

/* Begin PBXProject section */
		0A4FAA171A0665CF00836712 /* Project object */ = {
			isa = PBXProject;
			attributes = {
				LastUpgradeCheck = 0610;
				ORGANIZATIONNAME = "R. Kevin Nelson";
				TargetAttributes = {
					0A4FAA1E1A0665CF00836712 = {
						CreatedOnToolsVersion = 6.1;
					};
					0A4FAA371A0665CF00836712 = {
						CreatedOnToolsVersion = 6.1;
						TestTargetID = 0A4FAA1E1A0665CF00836712;
					};
				};
			};
			buildConfigurationList = 0A4FAA1A1A0665CF00836712 /* Build configuration list for PBXProject "SimpleLooper" */;
			compatibilityVersion = "Xcode 3.2";
			developmentRegion = English;
			hasScannedForEncodings = 0;
			knownRegions = (
				en,
				Base,
			);
			mainGroup = 0A4FAA161A0665CF00836712;
			productRefGroup = 0A4FAA201A0665CF00836712 /* Products */;
			projectDirPath = "";
			projectRoot = "";
			targets = (
				0A4FAA1E1A0665CF00836712 /* SimpleLooper */,
				0A4FAA371A0665CF00836712 /* SimpleLooperTests */,
			);
		};
/* End PBXProject section */

/* Begin PBXResourcesBuildPhase section */
		0A4FAA1D1A0665CF00836712 /* Resources */ = {
			isa = PBXResourcesBuildPhase;
			buildActionMask = 2147483647;
			files = (
				0A4FAA2E1A0665CF00836712 /* Main.storyboard in Resources */,
				0A4FAA331A0665CF00836712 /* LaunchScreen.xib in Resources */,
				0A4FAA301A0665CF00836712 /* Images.xcassets in Resources */,
			);
			runOnlyForDeploymentPostprocessing = 0;
		};
		0A4FAA361A0665CF00836712 /* Resources */ = {
			isa = PBXResourcesBuildPhase;
			buildActionMask = 2147483647;
			files = (
			);
			runOnlyForDeploymentPostprocessing = 0;
		};
/* End PBXResourcesBuildPhase section */

/* Begin PBXSourcesBuildPhase section */
		0A4FAA1B1A0665CF00836712 /* Sources */ = {
			isa = PBXSourcesBuildPhase;
			buildActionMask = 2147483647;
			files = (
				0A4FAA2B1A0665CF00836712 /* ViewController.m in Sources */,
				0A4FAA281A0665CF00836712 /* AppDelegate.m in Sources */,
				0A4FAA4A1A06CA5600836712 /* RKNSimpleLooper.m in Sources */,
				0A4FAA251A0665CF00836712 /* main.m in Sources */,
			);
			runOnlyForDeploymentPostprocessing = 0;
		};
		0A4FAA341A0665CF00836712 /* Sources */ = {
			isa = PBXSourcesBuildPhase;
			buildActionMask = 2147483647;
			files = (
				0A4FAA3F1A0665CF00836712 /* SimpleLooperTests.m in Sources */,
			);
			runOnlyForDeploymentPostprocessing = 0;
		};
/* End PBXSourcesBuildPhase section */

/* Begin PBXTargetDependency section */
		0A4FAA3A1A0665CF00836712 /* PBXTargetDependency */ = {
			isa = PBXTargetDependency;
			target = 0A4FAA1E1A0665CF00836712 /* SimpleLooper */;
			targetProxy = 0A4FAA391A0665CF00836712 /* PBXContainerItemProxy */;
		};
/* End PBXTargetDependency section */

/* Begin PBXVariantGroup section */
		0A4FAA2C1A0665CF00836712 /* Main.storyboard */ = {
			isa = PBXVariantGroup;
			children = (
				0A4FAA2D1A0665CF00836712 /* Base */,
			);
			name = Main.storyboard;
			sourceTree = "<group>";
		};
		0A4FAA311A0665CF00836712 /* LaunchScreen.xib */ = {
			isa = PBXVariantGroup;
			children = (
				0A4FAA321A0665CF00836712 /* Base */,
			);
			name = LaunchScreen.xib;
			sourceTree = "<group>";
		};
/* End PBXVariantGroup section */

/* Begin XCBuildConfiguration section */
		0A4FAA401A0665CF00836712 /* Debug */ = {
			isa = XCBuildConfiguration;
			buildSettings = {
				ALWAYS_SEARCH_USER_PATHS = NO;
				CLANG_CXX_LANGUAGE_STANDARD = "gnu++0x";
				CLANG_CXX_LIBRARY = "libc++";
				CLANG_ENABLE_MODULES = YES;
				CLANG_ENABLE_OBJC_ARC = YES;
				CLANG_WARN_BOOL_CONVERSION = YES;
				CLANG_WARN_CONSTANT_CONVERSION = YES;
				CLANG_WARN_DIRECT_OBJC_ISA_USAGE = YES_ERROR;
				CLANG_WARN_EMPTY_BODY = YES;
				CLANG_WARN_ENUM_CONVERSION = YES;
				CLANG_WARN_INT_CONVERSION = YES;
				CLANG_WARN_OBJC_ROOT_CLASS = YES_ERROR;
				CLANG_WARN_UNREACHABLE_CODE = YES;
				CLANG_WARN__DUPLICATE_METHOD_MATCH = YES;
				"CODE_SIGN_IDENTITY[sdk=iphoneos*]" = "iPhone Developer";
				COPY_PHASE_STRIP = NO;
				ENABLE_STRICT_OBJC_MSGSEND = YES;
				GCC_C_LANGUAGE_STANDARD = gnu99;
				GCC_DYNAMIC_NO_PIC = NO;
				GCC_OPTIMIZATION_LEVEL = 0;
				GCC_PREPROCESSOR_DEFINITIONS = (
					"DEBUG=1",
					"$(inherited)",
				);
				GCC_SYMBOLS_PRIVATE_EXTERN = NO;
				GCC_WARN_64_TO_32_BIT_CONVERSION = YES;
				GCC_WARN_ABOUT_RETURN_TYPE = YES_ERROR;
				GCC_WARN_UNDECLARED_SELECTOR = YES;
				GCC_WARN_UNINITIALIZED_AUTOS = YES_AGGRESSIVE;
				GCC_WARN_UNUSED_FUNCTION = YES;
				GCC_WARN_UNUSED_VARIABLE = YES;
				IPHONEOS_DEPLOYMENT_TARGET = 8.1;
				MTL_ENABLE_DEBUG_INFO = YES;
				ONLY_ACTIVE_ARCH = YES;
				SDKROOT = iphoneos;
			};
			name = Debug;
		};
		0A4FAA411A0665CF00836712 /* Release */ = {
			isa = XCBuildConfiguration;
			buildSettings = {
				ALWAYS_SEARCH_USER_PATHS = NO;
				CLANG_CXX_LANGUAGE_STANDARD = "gnu++0x";
				CLANG_CXX_LIBRARY = "libc++";
				CLANG_ENABLE_MODULES = YES;
				CLANG_ENABLE_OBJC_ARC = YES;
				CLANG_WARN_BOOL_CONVERSION = YES;
				CLANG_WARN_CONSTANT_CONVERSION = YES;
				CLANG_WARN_DIRECT_OBJC_ISA_USAGE = YES_ERROR;
				CLANG_WARN_EMPTY_BODY = YES;
				CLANG_WARN_ENUM_CONVERSION = YES;
				CLANG_WARN_INT_CONVERSION = YES;
				CLANG_WARN_OBJC_ROOT_CLASS = YES_ERROR;
				CLANG_WARN_UNREACHABLE_CODE = YES;
				CLANG_WARN__DUPLICATE_METHOD_MATCH = YES;
				"CODE_SIGN_IDENTITY[sdk=iphoneos*]" = "iPhone Developer";
				COPY_PHASE_STRIP = YES;
				ENABLE_NS_ASSERTIONS = NO;
				ENABLE_STRICT_OBJC_MSGSEND = YES;
				GCC_C_LANGUAGE_STANDARD = gnu99;
				GCC_WARN_64_TO_32_BIT_CONVERSION = YES;
				GCC_WARN_ABOUT_RETURN_TYPE = YES_ERROR;
				GCC_WARN_UNDECLARED_SELECTOR = YES;
				GCC_WARN_UNINITIALIZED_AUTOS = YES_AGGRESSIVE;
				GCC_WARN_UNUSED_FUNCTION = YES;
				GCC_WARN_UNUSED_VARIABLE = YES;
				IPHONEOS_DEPLOYMENT_TARGET = 8.1;
				MTL_ENABLE_DEBUG_INFO = NO;
				SDKROOT = iphoneos;
				VALIDATE_PRODUCT = YES;
			};
			name = Release;
		};
		0A4FAA431A0665CF00836712 /* Debug */ = {
			isa = XCBuildConfiguration;
			buildSettings = {
				ASSETCATALOG_COMPILER_APPICON_NAME = AppIcon;
				INFOPLIST_FILE = SimpleLooper/Info.plist;
				LD_RUNPATH_SEARCH_PATHS = "$(inherited) @executable_path/Frameworks";
				PRODUCT_NAME = "$(TARGET_NAME)";
			};
			name = Debug;
		};
		0A4FAA441A0665CF00836712 /* Release */ = {
			isa = XCBuildConfiguration;
			buildSettings = {
				ASSETCATALOG_COMPILER_APPICON_NAME = AppIcon;
				INFOPLIST_FILE = SimpleLooper/Info.plist;
				LD_RUNPATH_SEARCH_PATHS = "$(inherited) @executable_path/Frameworks";
				PRODUCT_NAME = "$(TARGET_NAME)";
			};
			name = Release;
		};
		0A4FAA461A0665CF00836712 /* Debug */ = {
			isa = XCBuildConfiguration;
			buildSettings = {
				BUNDLE_LOADER = "$(TEST_HOST)";
				FRAMEWORK_SEARCH_PATHS = (
					"$(SDKROOT)/Developer/Library/Frameworks",
					"$(inherited)",
				);
				GCC_PREPROCESSOR_DEFINITIONS = (
					"DEBUG=1",
					"$(inherited)",
				);
				INFOPLIST_FILE = SimpleLooperTests/Info.plist;
				LD_RUNPATH_SEARCH_PATHS = "$(inherited) @executable_path/Frameworks @loader_path/Frameworks";
				PRODUCT_NAME = "$(TARGET_NAME)";
				TEST_HOST = "$(BUILT_PRODUCTS_DIR)/SimpleLooper.app/SimpleLooper";
			};
			name = Debug;
		};
		0A4FAA471A0665CF00836712 /* Release */ = {
			isa = XCBuildConfiguration;
			buildSettings = {
				BUNDLE_LOADER = "$(TEST_HOST)";
				FRAMEWORK_SEARCH_PATHS = (
					"$(SDKROOT)/Developer/Library/Frameworks",
					"$(inherited)",
				);
				INFOPLIST_FILE = SimpleLooperTests/Info.plist;
				LD_RUNPATH_SEARCH_PATHS = "$(inherited) @executable_path/Frameworks @loader_path/Frameworks";
				PRODUCT_NAME = "$(TARGET_NAME)";
				TEST_HOST = "$(BUILT_PRODUCTS_DIR)/SimpleLooper.app/SimpleLooper";
			};
			name = Release;
		};
/* End XCBuildConfiguration section */

/* Begin XCConfigurationList section */
		0A4FAA1A1A0665CF00836712 /* Build configuration list for PBXProject "SimpleLooper" */ = {
			isa = XCConfigurationList;
			buildConfigurations = (
				0A4FAA401A0665CF00836712 /* Debug */,
				0A4FAA411A0665CF00836712 /* Release */,
			);
			defaultConfigurationIsVisible = 0;
			defaultConfigurationName = Release;
		};
		0A4FAA421A0665CF00836712 /* Build configuration list for PBXNativeTarget "SimpleLooper" */ = {
			isa = XCConfigurationList;
			buildConfigurations = (
				0A4FAA431A0665CF00836712 /* Debug */,
				0A4FAA441A0665CF00836712 /* Release */,
			);
			defaultConfigurationIsVisible = 0;
		};
		0A4FAA451A0665CF00836712 /* Build configuration list for PBXNativeTarget "SimpleLooperTests" */ = {
			isa = XCConfigurationList;
			buildConfigurations = (
				0A4FAA461A0665CF00836712 /* Debug */,
				0A4FAA471A0665CF00836712 /* Release */,
			);
			defaultConfigurationIsVisible = 0;
		};
/* End XCConfigurationList section */
	};
	rootObject = 0A4FAA171A0665CF00836712 /* Project object */;
}
